// !$*UTF8*$!
{
	archiveVersion = 1;
	classes = {
	};
	objectVersion = 50;
	objects = {

/* Begin PBXBuildFile section */
		7F0AB18A257F9C5F00D48DA9 /* AppDelegate.swift in Sources */ = {isa = PBXBuildFile; fileRef = 7F0AB189257F9C5F00D48DA9 /* AppDelegate.swift */; };
		7F0AB18C257F9C5F00D48DA9 /* SceneDelegate.swift in Sources */ = {isa = PBXBuildFile; fileRef = 7F0AB18B257F9C5F00D48DA9 /* SceneDelegate.swift */; };
		7F0AB18E257F9C5F00D48DA9 /* ViewController.swift in Sources */ = {isa = PBXBuildFile; fileRef = 7F0AB18D257F9C5F00D48DA9 /* ViewController.swift */; };
		7F0AB191257F9C5F00D48DA9 /* Main.storyboard in Resources */ = {isa = PBXBuildFile; fileRef = 7F0AB18F257F9C5F00D48DA9 /* Main.storyboard */; };
		7F0AB193257F9C6200D48DA9 /* Assets.xcassets in Resources */ = {isa = PBXBuildFile; fileRef = 7F0AB192257F9C6200D48DA9 /* Assets.xcassets */; };
		7F0AB196257F9C6200D48DA9 /* LaunchScreen.storyboard in Resources */ = {isa = PBXBuildFile; fileRef = 7F0AB194257F9C6200D48DA9 /* LaunchScreen.storyboard */; };
		7F0AB19F257FC00A00D48DA9 /* Wine.swift in Sources */ = {isa = PBXBuildFile; fileRef = 7F0AB19E257FC00A00D48DA9 /* Wine.swift */; };
		7F0AB1A2257FC02400D48DA9 /* Castle.swift in Sources */ = {isa = PBXBuildFile; fileRef = 7F0AB1A1257FC02400D48DA9 /* Castle.swift */; };
		7F0AB1A5257FC06400D48DA9 /* Cellar.swift in Sources */ = {isa = PBXBuildFile; fileRef = 7F0AB1A4257FC06400D48DA9 /* Cellar.swift */; };
		7F6B76C7257FD67000777341 /* UITextField+Extensions.swift in Sources */ = {isa = PBXBuildFile; fileRef = 7F6B76C6257FD67000777341 /* UITextField+Extensions.swift */; };
		7F87ACFF258125C400EDD450 /* CellarViewController.swift in Sources */ = {isa = PBXBuildFile; fileRef = 7F87ACFE258125C400EDD450 /* CellarViewController.swift */; };
/* End PBXBuildFile section */

/* Begin PBXFileReference section */
		7F0AB186257F9C5F00D48DA9 /* CellarManagement.app */ = {isa = PBXFileReference; explicitFileType = wrapper.application; includeInIndex = 0; path = CellarManagement.app; sourceTree = BUILT_PRODUCTS_DIR; };
		7F0AB189257F9C5F00D48DA9 /* AppDelegate.swift */ = {isa = PBXFileReference; lastKnownFileType = sourcecode.swift; path = AppDelegate.swift; sourceTree = "<group>"; };
		7F0AB18B257F9C5F00D48DA9 /* SceneDelegate.swift */ = {isa = PBXFileReference; lastKnownFileType = sourcecode.swift; path = SceneDelegate.swift; sourceTree = "<group>"; };
		7F0AB18D257F9C5F00D48DA9 /* ViewController.swift */ = {isa = PBXFileReference; lastKnownFileType = sourcecode.swift; path = ViewController.swift; sourceTree = "<group>"; };
		7F0AB190257F9C5F00D48DA9 /* Base */ = {isa = PBXFileReference; lastKnownFileType = file.storyboard; name = Base; path = Base.lproj/Main.storyboard; sourceTree = "<group>"; };
		7F0AB192257F9C6200D48DA9 /* Assets.xcassets */ = {isa = PBXFileReference; lastKnownFileType = folder.assetcatalog; path = Assets.xcassets; sourceTree = "<group>"; };
		7F0AB195257F9C6200D48DA9 /* Base */ = {isa = PBXFileReference; lastKnownFileType = file.storyboard; name = Base; path = Base.lproj/LaunchScreen.storyboard; sourceTree = "<group>"; };
		7F0AB197257F9C6200D48DA9 /* Info.plist */ = {isa = PBXFileReference; lastKnownFileType = text.plist.xml; path = Info.plist; sourceTree = "<group>"; };
		7F0AB19E257FC00A00D48DA9 /* Wine.swift */ = {isa = PBXFileReference; lastKnownFileType = sourcecode.swift; path = Wine.swift; sourceTree = "<group>"; };
		7F0AB1A1257FC02400D48DA9 /* Castle.swift */ = {isa = PBXFileReference; lastKnownFileType = sourcecode.swift; path = Castle.swift; sourceTree = "<group>"; };
		7F0AB1A4257FC06400D48DA9 /* Cellar.swift */ = {isa = PBXFileReference; lastKnownFileType = sourcecode.swift; path = Cellar.swift; sourceTree = "<group>"; };
		7F6B76C6257FD67000777341 /* UITextField+Extensions.swift */ = {isa = PBXFileReference; lastKnownFileType = sourcecode.swift; path = "UITextField+Extensions.swift"; sourceTree = "<group>"; };
		7F87ACFE258125C400EDD450 /* CellarViewController.swift */ = {isa = PBXFileReference; lastKnownFileType = sourcecode.swift; path = CellarViewController.swift; sourceTree = "<group>"; };
/* End PBXFileReference section */

/* Begin PBXFrameworksBuildPhase section */
		7F0AB183257F9C5F00D48DA9 /* Frameworks */ = {
			isa = PBXFrameworksBuildPhase;
			buildActionMask = 2147483647;
			files = (
			);
			runOnlyForDeploymentPostprocessing = 0;
		};
/* End PBXFrameworksBuildPhase section */

/* Begin PBXGroup section */
		7F0AB17D257F9C5F00D48DA9 = {
			isa = PBXGroup;
			children = (
				7F0AB188257F9C5F00D48DA9 /* CellarManagement */,
				7F0AB187257F9C5F00D48DA9 /* Products */,
			);
			sourceTree = "<group>";
		};
		7F0AB187257F9C5F00D48DA9 /* Products */ = {
			isa = PBXGroup;
			children = (
				7F0AB186257F9C5F00D48DA9 /* CellarManagement.app */,
			);
			name = Products;
			sourceTree = "<group>";
		};
		7F0AB188257F9C5F00D48DA9 /* CellarManagement */ = {
			isa = PBXGroup;
			children = (
				7F87ACFE258125C400EDD450 /* CellarViewController.swift */,
				7F0AB189257F9C5F00D48DA9 /* AppDelegate.swift */,
				7F0AB18B257F9C5F00D48DA9 /* SceneDelegate.swift */,
				7F0AB18D257F9C5F00D48DA9 /* ViewController.swift */,
				7F0AB18F257F9C5F00D48DA9 /* Main.storyboard */,
				7F0AB192257F9C6200D48DA9 /* Assets.xcassets */,
				7F0AB194257F9C6200D48DA9 /* LaunchScreen.storyboard */,
				7F0AB197257F9C6200D48DA9 /* Info.plist */,
				7F0AB1A7257FC07E00D48DA9 /* model */,
				7F6B76C6257FD67000777341 /* UITextField+Extensions.swift */,
			);
			path = CellarManagement;
			sourceTree = "<group>";
		};
		7F0AB1A7257FC07E00D48DA9 /* model */ = {
			isa = PBXGroup;
			children = (
				7F0AB19E257FC00A00D48DA9 /* Wine.swift */,
				7F0AB1A1257FC02400D48DA9 /* Castle.swift */,
				7F0AB1A4257FC06400D48DA9 /* Cellar.swift */,
			);
			path = model;
			sourceTree = "<group>";
		};
/* End PBXGroup section */

/* Begin PBXNativeTarget section */
		7F0AB185257F9C5F00D48DA9 /* CellarManagement */ = {
			isa = PBXNativeTarget;
			buildConfigurationList = 7F0AB19A257F9C6200D48DA9 /* Build configuration list for PBXNativeTarget "CellarManagement" */;
			buildPhases = (
				7F0AB182257F9C5F00D48DA9 /* Sources */,
				7F0AB183257F9C5F00D48DA9 /* Frameworks */,
				7F0AB184257F9C5F00D48DA9 /* Resources */,
			);
			buildRules = (
			);
			dependencies = (
			);
			name = CellarManagement;
			productName = CellarManagement;
			productReference = 7F0AB186257F9C5F00D48DA9 /* CellarManagement.app */;
			productType = "com.apple.product-type.application";
		};
/* End PBXNativeTarget section */

/* Begin PBXProject section */
		7F0AB17E257F9C5F00D48DA9 /* Project object */ = {
			isa = PBXProject;
			attributes = {
				LastSwiftUpdateCheck = 1220;
				LastUpgradeCheck = 1220;
				TargetAttributes = {
					7F0AB185257F9C5F00D48DA9 = {
						CreatedOnToolsVersion = 12.2;
					};
				};
			};
			buildConfigurationList = 7F0AB181257F9C5F00D48DA9 /* Build configuration list for PBXProject "CellarManagement" */;
			compatibilityVersion = "Xcode 9.3";
			developmentRegion = en;
			hasScannedForEncodings = 0;
			knownRegions = (
				en,
				Base,
			);
			mainGroup = 7F0AB17D257F9C5F00D48DA9;
			productRefGroup = 7F0AB187257F9C5F00D48DA9 /* Products */;
			projectDirPath = "";
			projectRoot = "";
			targets = (
				7F0AB185257F9C5F00D48DA9 /* CellarManagement */,
			);
		};
/* End PBXProject section */

/* Begin PBXResourcesBuildPhase section */
		7F0AB184257F9C5F00D48DA9 /* Resources */ = {
			isa = PBXResourcesBuildPhase;
			buildActionMask = 2147483647;
			files = (
				7F0AB196257F9C6200D48DA9 /* LaunchScreen.storyboard in Resources */,
				7F0AB193257F9C6200D48DA9 /* Assets.xcassets in Resources */,
				7F0AB191257F9C5F00D48DA9 /* Main.storyboard in Resources */,
			);
			runOnlyForDeploymentPostprocessing = 0;
		};
/* End PBXResourcesBuildPhase section */

/* Begin PBXSourcesBuildPhase section */
		7F0AB182257F9C5F00D48DA9 /* Sources */ = {
			isa = PBXSourcesBuildPhase;
			buildActionMask = 2147483647;
			files = (
				7F6B76C7257FD67000777341 /* UITextField+Extensions.swift in Sources */,
				7F0AB19F257FC00A00D48DA9 /* Wine.swift in Sources */,
				7F0AB18E257F9C5F00D48DA9 /* ViewController.swift in Sources */,
				7F0AB1A5257FC06400D48DA9 /* Cellar.swift in Sources */,
				7F0AB1A2257FC02400D48DA9 /* Castle.swift in Sources */,
				7F0AB18A257F9C5F00D48DA9 /* AppDelegate.swift in Sources */,
				7F0AB18C257F9C5F00D48DA9 /* SceneDelegate.swift in Sources */,
				7F87ACFF258125C400EDD450 /* CellarViewController.swift in Sources */,
			);
			runOnlyForDeploymentPostprocessing = 0;
		};
/* End PBXSourcesBuildPhase section */

/* Begin PBXVariantGroup section */
		7F0AB18F257F9C5F00D48DA9 /* Main.storyboard */ = {
			isa = PBXVariantGroup;
			children = (
				7F0AB190257F9C5F00D48DA9 /* Base */,
			);
			name = Main.storyboard;
			sourceTree = "<group>";
		};
		7F0AB194257F9C6200D48DA9 /* LaunchScreen.storyboard */ = {
			isa = PBXVariantGroup;
			children = (
				7F0AB195257F9C6200D48DA9 /* Base */,
			);
			name = LaunchScreen.storyboard;
			sourceTree = "<group>";
		};
/* End PBXVariantGroup section */

/* Begin XCBuildConfiguration section */
		7F0AB198257F9C6200D48DA9 /* Debug */ = {
			isa = XCBuildConfiguration;
			buildSettings = {
				ALWAYS_SEARCH_USER_PATHS = NO;
				CLANG_ANALYZER_NONNULL = YES;
				CLANG_ANALYZER_NUMBER_OBJECT_CONVERSION = YES_AGGRESSIVE;
				CLANG_CXX_LANGUAGE_STANDARD = "gnu++14";
				CLANG_CXX_LIBRARY = "libc++";
				CLANG_ENABLE_MODULES = YES;
				CLANG_ENABLE_OBJC_ARC = YES;
				CLANG_ENABLE_OBJC_WEAK = YES;
				CLANG_WARN_BLOCK_CAPTURE_AUTORELEASING = YES;
				CLANG_WARN_BOOL_CONVERSION = YES;
				CLANG_WARN_COMMA = YES;
				CLANG_WARN_CONSTANT_CONVERSION = YES;
				CLANG_WARN_DEPRECATED_OBJC_IMPLEMENTATIONS = YES;
				CLANG_WARN_DIRECT_OBJC_ISA_USAGE = YES_ERROR;
				CLANG_WARN_DOCUMENTATION_COMMENTS = YES;
				CLANG_WARN_EMPTY_BODY = YES;
				CLANG_WARN_ENUM_CONVERSION = YES;
				CLANG_WARN_INFINITE_RECURSION = YES;
				CLANG_WARN_INT_CONVERSION = YES;
				CLANG_WARN_NON_LITERAL_NULL_CONVERSION = YES;
				CLANG_WARN_OBJC_IMPLICIT_RETAIN_SELF = YES;
				CLANG_WARN_OBJC_LITERAL_CONVERSION = YES;
				CLANG_WARN_OBJC_ROOT_CLASS = YES_ERROR;
				CLANG_WARN_QUOTED_INCLUDE_IN_FRAMEWORK_HEADER = YES;
				CLANG_WARN_RANGE_LOOP_ANALYSIS = YES;
				CLANG_WARN_STRICT_PROTOTYPES = YES;
				CLANG_WARN_SUSPICIOUS_MOVE = YES;
				CLANG_WARN_UNGUARDED_AVAILABILITY = YES_AGGRESSIVE;
				CLANG_WARN_UNREACHABLE_CODE = YES;
				CLANG_WARN__DUPLICATE_METHOD_MATCH = YES;
				COPY_PHASE_STRIP = NO;
				DEBUG_INFORMATION_FORMAT = dwarf;
				ENABLE_STRICT_OBJC_MSGSEND = YES;
				ENABLE_TESTABILITY = YES;
				GCC_C_LANGUAGE_STANDARD = gnu11;
				GCC_DYNAMIC_NO_PIC = NO;
				GCC_NO_COMMON_BLOCKS = YES;
				GCC_OPTIMIZATION_LEVEL = 0;
				GCC_PREPROCESSOR_DEFINITIONS = (
					"DEBUG=1",
					"$(inherited)",
				);
				GCC_WARN_64_TO_32_BIT_CONVERSION = YES;
				GCC_WARN_ABOUT_RETURN_TYPE = YES_ERROR;
				GCC_WARN_UNDECLARED_SELECTOR = YES;
				GCC_WARN_UNINITIALIZED_AUTOS = YES_AGGRESSIVE;
				GCC_WARN_UNUSED_FUNCTION = YES;
				GCC_WARN_UNUSED_VARIABLE = YES;
				IPHONEOS_DEPLOYMENT_TARGET = 14.2;
				MTL_ENABLE_DEBUG_INFO = INCLUDE_SOURCE;
				MTL_FAST_MATH = YES;
				ONLY_ACTIVE_ARCH = YES;
				SDKROOT = iphoneos;
				SWIFT_ACTIVE_COMPILATION_CONDITIONS = DEBUG;
				SWIFT_OPTIMIZATION_LEVEL = "-Onone";
			};
			name = Debug;
		};
		7F0AB199257F9C6200D48DA9 /* Release */ = {
			isa = XCBuildConfiguration;
			buildSettings = {
				ALWAYS_SEARCH_USER_PATHS = NO;
				CLANG_ANALYZER_NONNULL = YES;
				CLANG_ANALYZER_NUMBER_OBJECT_CONVERSION = YES_AGGRESSIVE;
				CLANG_CXX_LANGUAGE_STANDARD = "gnu++14";
				CLANG_CXX_LIBRARY = "libc++";
				CLANG_ENABLE_MODULES = YES;
				CLANG_ENABLE_OBJC_ARC = YES;
				CLANG_ENABLE_OBJC_WEAK = YES;
				CLANG_WARN_BLOCK_CAPTURE_AUTORELEASING = YES;
				CLANG_WARN_BOOL_CONVERSION = YES;
				CLANG_WARN_COMMA = YES;
				CLANG_WARN_CONSTANT_CONVERSION = YES;
				CLANG_WARN_DEPRECATED_OBJC_IMPLEMENTATIONS = YES;
				CLANG_WARN_DIRECT_OBJC_ISA_USAGE = YES_ERROR;
				CLANG_WARN_DOCUMENTATION_COMMENTS = YES;
				CLANG_WARN_EMPTY_BODY = YES;
				CLANG_WARN_ENUM_CONVERSION = YES;
				CLANG_WARN_INFINITE_RECURSION = YES;
				CLANG_WARN_INT_CONVERSION = YES;
				CLANG_WARN_NON_LITERAL_NULL_CONVERSION = YES;
				CLANG_WARN_OBJC_IMPLICIT_RETAIN_SELF = YES;
				CLANG_WARN_OBJC_LITERAL_CONVERSION = YES;
				CLANG_WARN_OBJC_ROOT_CLASS = YES_ERROR;
				CLANG_WARN_QUOTED_INCLUDE_IN_FRAMEWORK_HEADER = YES;
				CLANG_WARN_RANGE_LOOP_ANALYSIS = YES;
				CLANG_WARN_STRICT_PROTOTYPES = YES;
				CLANG_WARN_SUSPICIOUS_MOVE = YES;
				CLANG_WARN_UNGUARDED_AVAILABILITY = YES_AGGRESSIVE;
				CLANG_WARN_UNREACHABLE_CODE = YES;
				CLANG_WARN__DUPLICATE_METHOD_MATCH = YES;
				COPY_PHASE_STRIP = NO;
				DEBUG_INFORMATION_FORMAT = "dwarf-with-dsym";
				ENABLE_NS_ASSERTIONS = NO;
				ENABLE_STRICT_OBJC_MSGSEND = YES;
				GCC_C_LANGUAGE_STANDARD = gnu11;
				GCC_NO_COMMON_BLOCKS = YES;
				GCC_WARN_64_TO_32_BIT_CONVERSION = YES;
				GCC_WARN_ABOUT_RETURN_TYPE = YES_ERROR;
				GCC_WARN_UNDECLARED_SELECTOR = YES;
				GCC_WARN_UNINITIALIZED_AUTOS = YES_AGGRESSIVE;
				GCC_WARN_UNUSED_FUNCTION = YES;
				GCC_WARN_UNUSED_VARIABLE = YES;
				IPHONEOS_DEPLOYMENT_TARGET = 14.2;
				MTL_ENABLE_DEBUG_INFO = NO;
				MTL_FAST_MATH = YES;
				SDKROOT = iphoneos;
				SWIFT_COMPILATION_MODE = wholemodule;
				SWIFT_OPTIMIZATION_LEVEL = "-O";
				VALIDATE_PRODUCT = YES;
			};
			name = Release;
		};
		7F0AB19B257F9C6200D48DA9 /* Debug */ = {
			isa = XCBuildConfiguration;
			buildSettings = {
				ASSETCATALOG_COMPILER_APPICON_NAME = AppIcon;
				ASSETCATALOG_COMPILER_GLOBAL_ACCENT_COLOR_NAME = AccentColor;
				CODE_SIGN_STYLE = Automatic;
				DEVELOPMENT_TEAM = 9GAU6Y5CA7;
				INFOPLIST_FILE = CellarManagement/Info.plist;
				LD_RUNPATH_SEARCH_PATHS = (
					"$(inherited)",
					"@executable_path/Frameworks",
				);
				PRODUCT_BUNDLE_IDENTIFIER = com.us3soap.ios.CellarManagement;
				PRODUCT_NAME = "$(TARGET_NAME)";
				SWIFT_VERSION = 5.0;
				TARGETED_DEVICE_FAMILY = "1,2";
			};
			name = Debug;
		};
		7F0AB19C257F9C6200D48DA9 /* Release */ = {
			isa = XCBuildConfiguration;
			buildSettings = {
				ASSETCATALOG_COMPILER_APPICON_NAME = AppIcon;
				ASSETCATALOG_COMPILER_GLOBAL_ACCENT_COLOR_NAME = AccentColor;
				CODE_SIGN_STYLE = Automatic;
				DEVELOPMENT_TEAM = 9GAU6Y5CA7;
				INFOPLIST_FILE = CellarManagement/Info.plist;
				LD_RUNPATH_SEARCH_PATHS = (
					"$(inherited)",
					"@executable_path/Frameworks",
				);
				PRODUCT_BUNDLE_IDENTIFIER = com.us3soap.ios.CellarManagement;
				PRODUCT_NAME = "$(TARGET_NAME)";
				SWIFT_VERSION = 5.0;
				TARGETED_DEVICE_FAMILY = "1,2";
			};
			name = Release;
		};
/* End XCBuildConfiguration section */

/* Begin XCConfigurationList section */
		7F0AB181257F9C5F00D48DA9 /* Build configuration list for PBXProject "CellarManagement" */ = {
			isa = XCConfigurationList;
			buildConfigurations = (
				7F0AB198257F9C6200D48DA9 /* Debug */,
				7F0AB199257F9C6200D48DA9 /* Release */,
			);
			defaultConfigurationIsVisible = 0;
			defaultConfigurationName = Release;
		};
		7F0AB19A257F9C6200D48DA9 /* Build configuration list for PBXNativeTarget "CellarManagement" */ = {
			isa = XCConfigurationList;
			buildConfigurations = (
				7F0AB19B257F9C6200D48DA9 /* Debug */,
				7F0AB19C257F9C6200D48DA9 /* Release */,
			);
			defaultConfigurationIsVisible = 0;
			defaultConfigurationName = Release;
		};
/* End XCConfigurationList section */
	};
	rootObject = 7F0AB17E257F9C5F00D48DA9 /* Project object */;
}
